
Microsoft Visual Studio Solution File, Format Version 12.00
# Visual Studio Version 17
VisualStudioVersion = 17.9.34728.123
MinimumVisualStudioVersion = 10.0.40219.1
Project("{FAE04EC0-301F-11D3-BF4B-00C04F79EFBC}") = "LANCHESMVC", "PROJETO_MVC\LANCHESMVC.csproj", "{0F925E31-C1EF-4083-96CD-5F5537325B51}"
EndProject
Global
	GlobalSection(SolutionConfigurationPlatforms) = preSolution
		Debug|Any CPU = Debug|Any CPU
		Release|Any CPU = Release|Any CPU
	EndGlobalSection
	GlobalSection(ProjectConfigurationPlatforms) = postSolution
		{0F925E31-C1EF-4083-96CD-5F5537325B51}.Debug|Any CPU.ActiveCfg = Debug|Any CPU
		{0F925E31-C1EF-4083-96CD-5F5537325B51}.Debug|Any CPU.Build.0 = Debug|Any CPU
		{0F925E31-C1EF-4083-96CD-5F5537325B51}.Release|Any CPU.ActiveCfg = Release|Any CPU
		{0F925E31-C1EF-4083-96CD-5F5537325B51}.Release|Any CPU.Build.0 = Release|Any CPU
	EndGlobalSection
	GlobalSection(SolutionProperties) = preSolution
		HideSolutionNode = FALSE
	EndGlobalSection
	GlobalSection(ExtensibilityGlobals) = postSolution
		SolutionGuid = {116FCEC0-0CBD-4F25-9F00-46908EEEA138}
	EndGlobalSection
EndGlobal
